
Microsoft Visual Studio Solution File, Format Version 12.00
# Visual Studio Version 16
VisualStudioVersion = 16.0.29920.165
MinimumVisualStudioVersion = 10.0.40219.1
Project("{FAE04EC0-301F-11D3-BF4B-00C04F79EFBC}") = "TeknikServisApp", "TeknikServisApp\TeknikServisApp.csproj", "{DEF3C60F-FAAD-4562-93CC-7510B9BCE093}"
EndProject
Global
	GlobalSection(SolutionConfigurationPlatforms) = preSolution
		Debug|Any CPU = Debug|Any CPU
		Release|Any CPU = Release|Any CPU
	EndGlobalSection
	GlobalSection(ProjectConfigurationPlatforms) = postSolution
		{DEF3C60F-FAAD-4562-93CC-7510B9BCE093}.Debug|Any CPU.ActiveCfg = Debug|Any CPU
		{DEF3C60F-FAAD-4562-93CC-7510B9BCE093}.Debug|Any CPU.Build.0 = Debug|Any CPU
		{DEF3C60F-FAAD-4562-93CC-7510B9BCE093}.Release|Any CPU.ActiveCfg = Release|Any CPU
		{DEF3C60F-FAAD-4562-93CC-7510B9BCE093}.Release|Any CPU.Build.0 = Release|Any CPU
	EndGlobalSection
	GlobalSection(SolutionProperties) = preSolution
		HideSolutionNode = FALSE
	EndGlobalSection
	GlobalSection(ExtensibilityGlobals) = postSolution
		SolutionGuid = {DD0861F0-7946-4856-879C-388D214E7403}
	EndGlobalSection
EndGlobal
